
Microsoft Visual Studio Solution File, Format Version 12.00
# Visual Studio 15
VisualStudioVersion = 15.0.28307.902
MinimumVisualStudioVersion = 10.0.40219.1
Project("{8BC9CEB8-8B4A-11D0-8D11-00A0C91BC942}") = "DicConsole", "DicConsole\DicConsole.vcxproj", "{C272A075-4D03-4701-BDE4-5D41F0D645EE}"
EndProject
Project("{8BC9CEB8-8B4A-11D0-8D11-00A0C91BC942}") = "ConsoleApplication1", "ConsoleApplication1\ConsoleApplication1.vcxproj", "{BD9B3A3E-A02A-4BB3-9A12-803991599454}"
EndProject
Project("{8BC9CEB8-8B4A-11D0-8D11-00A0C91BC942}") = "Project1", "Project1\Project1.vcxproj", "{E797F849-2CDD-4340-9EF7-87981DCE535D}"
EndProject
Global
	GlobalSection(SolutionConfigurationPlatforms) = preSolution
		Debug|x64 = Debug|x64
		Debug|x86 = Debug|x86
		Release|x64 = Release|x64
		Release|x86 = Release|x86
	EndGlobalSection
	GlobalSection(ProjectConfigurationPlatforms) = postSolution
		{C272A075-4D03-4701-BDE4-5D41F0D645EE}.Debug|x64.ActiveCfg = Debug|x64
		{C272A075-4D03-4701-BDE4-5D41F0D645EE}.Debug|x64.Build.0 = Debug|x64
		{C272A075-4D03-4701-BDE4-5D41F0D645EE}.Debug|x86.ActiveCfg = Debug|Win32
		{C272A075-4D03-4701-BDE4-5D41F0D645EE}.Debug|x86.Build.0 = Debug|Win32
		{C272A075-4D03-4701-BDE4-5D41F0D645EE}.Release|x64.ActiveCfg = Release|x64
		{C272A075-4D03-4701-BDE4-5D41F0D645EE}.Release|x64.Build.0 = Release|x64
		{C272A075-4D03-4701-BDE4-5D41F0D645EE}.Release|x86.ActiveCfg = Release|Win32
		{C272A075-4D03-4701-BDE4-5D41F0D645EE}.Release|x86.Build.0 = Release|Win32
		{BD9B3A3E-A02A-4BB3-9A12-803991599454}.Debug|x64.ActiveCfg = Debug|x64
		{BD9B3A3E-A02A-4BB3-9A12-803991599454}.Debug|x64.Build.0 = Debug|x64
		{BD9B3A3E-A02A-4BB3-9A12-803991599454}.Debug|x86.ActiveCfg = Debug|Win32
		{BD9B3A3E-A02A-4BB3-9A12-803991599454}.Debug|x86.Build.0 = Debug|Win32
		{BD9B3A3E-A02A-4BB3-9A12-803991599454}.Release|x64.ActiveCfg = Release|x64
		{BD9B3A3E-A02A-4BB3-9A12-803991599454}.Release|x64.Build.0 = Release|x64
		{BD9B3A3E-A02A-4BB3-9A12-803991599454}.Release|x86.ActiveCfg = Release|Win32
		{BD9B3A3E-A02A-4BB3-9A12-803991599454}.Release|x86.Build.0 = Release|Win32
		{E797F849-2CDD-4340-9EF7-87981DCE535D}.Debug|x64.ActiveCfg = Debug|x64
		{E797F849-2CDD-4340-9EF7-87981DCE535D}.Debug|x64.Build.0 = Debug|x64
		{E797F849-2CDD-4340-9EF7-87981DCE535D}.Debug|x86.ActiveCfg = Debug|Win32
		{E797F849-2CDD-4340-9EF7-87981DCE535D}.Debug|x86.Build.0 = Debug|Win32
		{E797F849-2CDD-4340-9EF7-87981DCE535D}.Release|x64.ActiveCfg = Release|x64
		{E797F849-2CDD-4340-9EF7-87981DCE535D}.Release|x64.Build.0 = Release|x64
		{E797F849-2CDD-4340-9EF7-87981DCE535D}.Release|x86.ActiveCfg = Release|Win32
		{E797F849-2CDD-4340-9EF7-87981DCE535D}.Release|x86.Build.0 = Release|Win32
	EndGlobalSection
	GlobalSection(SolutionProperties) = preSolution
		HideSolutionNode = FALSE
	EndGlobalSection
	GlobalSection(ExtensibilityGlobals) = postSolution
		SolutionGuid = {3E3F8A61-8EE6-4F56-A6FF-1803823DCB21}
	EndGlobalSection
EndGlobal
